# THIS IS AN AUTOGENERATED FILE. DO NOT EDIT THIS FILE DIRECTLY.
# yarn lockfile v1


"@babel/polyfill@^7.0.0-beta.46":
  version "7.0.0-beta.56"
  resolved "https://registry.yarnpkg.com/@babel/polyfill/-/polyfill-7.0.0-beta.56.tgz#6942d474d0e9cee7124477df11e97ba192764919"
  dependencies:
    core-js "^2.5.7"
    regenerator-runtime "^0.11.1"

"@polymer/app-route@^3.0.0-pre.1":
  version "3.0.0-pre.21"
  resolved "https://registry.yarnpkg.com/@polymer/app-route/-/app-route-3.0.0-pre.21.tgz#7a0b75d495e44011ff380ca71db339540d14a644"
  dependencies:
    "@polymer/iron-location" "^3.0.0-pre.21"
    "@polymer/polymer" "^3.0.0"

"@polymer/font-roboto@^3.0.0-pre.21":
  version "3.0.0-pre.21"
  resolved "https://registry.yarnpkg.com/@polymer/font-roboto/-/font-roboto-3.0.0-pre.21.tgz#65674464138a51f57cfdfd043e394d8fe75990b3"

"@polymer/iron-a11y-keys-behavior@^3.0.0-pre.21":
  version "3.0.0-pre.21"
  resolved "https://registry.yarnpkg.com/@polymer/iron-a11y-keys-behavior/-/iron-a11y-keys-behavior-3.0.0-pre.21.tgz#4b79ebfea1fb59225c00a6d9b360df7ed2696c19"
  dependencies:
    "@polymer/polymer" "^3.0.0"

"@polymer/iron-behaviors@^3.0.0-pre.21":
  version "3.0.0-pre.21"
  resolved "https://registry.yarnpkg.com/@polymer/iron-behaviors/-/iron-behaviors-3.0.0-pre.21.tgz#47ea698ccf02842d4ac7a24dcdef06db8a8d9892"
  dependencies:
    "@polymer/iron-a11y-keys-behavior" "^3.0.0-pre.21"
    "@polymer/polymer" "^3.0.0"

"@polymer/iron-checked-element-behavior@^3.0.0-pre.21":
  version "3.0.0-pre.21"
  resolved "https://registry.yarnpkg.com/@polymer/iron-checked-element-behavior/-/iron-checked-element-behavior-3.0.0-pre.21.tgz#778c66d07e8273299700ebd53fb849fd65d4b3a6"
  dependencies:
    "@polymer/iron-form-element-behavior" "^3.0.0-pre.21"
    "@polymer/iron-validatable-behavior" "^3.0.0-pre.21"
    "@polymer/polymer" "^3.0.0"

"@polymer/iron-flex-layout@^3.0.0-pre.21":
  version "3.0.0-pre.21"
  resolved "https://registry.yarnpkg.com/@polymer/iron-flex-layout/-/iron-flex-layout-3.0.0-pre.21.tgz#064bccb85ec2091b66366970e8867d3de7bb273d"
  dependencies:
    "@polymer/polymer" "^3.0.0"

"@polymer/iron-form-element-behavior@^3.0.0-pre.21":
  version "3.0.0-pre.21"
  resolved "https://registry.yarnpkg.com/@polymer/iron-form-element-behavior/-/iron-form-element-behavior-3.0.0-pre.21.tgz#47b2aa9e4c335f77264a370534e23fe6ec83457b"
  dependencies:
    "@polymer/polymer" "^3.0.0"

"@polymer/iron-icon@^3.0.0-pre.21":
  version "3.0.0-pre.21"
  resolved "https://registry.yarnpkg.com/@polymer/iron-icon/-/iron-icon-3.0.0-pre.21.tgz#5ef3e483f02823778e99c1b5e16ddac472b5dce5"
  dependencies:
    "@polymer/iron-flex-layout" "^3.0.0-pre.21"
    "@polymer/iron-meta" "^3.0.0-pre.21"
    "@polymer/polymer" "^3.0.0"

"@polymer/iron-icons@^3.0.0-pre.21":
  version "3.0.0-pre.21"
  resolved "https://registry.yarnpkg.com/@polymer/iron-icons/-/iron-icons-3.0.0-pre.21.tgz#71cfd157b21f55a931bcc101650aab15825010e4"
  dependencies:
    "@polymer/iron-icon" "^3.0.0-pre.21"
    "@polymer/iron-iconset-svg" "^3.0.0-pre.21"
    "@polymer/polymer" "^3.0.0"

"@polymer/iron-iconset-svg@^3.0.0-pre.21":
  version "3.0.0-pre.21"
  resolved "https://registry.yarnpkg.com/@polymer/iron-iconset-svg/-/iron-iconset-svg-3.0.0-pre.21.tgz#1248f341837789801a9000cdd3b3453b59f91021"
  dependencies:
    "@polymer/iron-meta" "^3.0.0-pre.21"
    "@polymer/polymer" "^3.0.0"

"@polymer/iron-location@^3.0.0-pre.21":
  version "3.0.0-pre.21"
  resolved "https://registry.yarnpkg.com/@polymer/iron-location/-/iron-location-3.0.0-pre.21.tgz#0f4cd58a79e12767f2c993bbc0cdbd0487e78040"
  dependencies:
    "@polymer/polymer" "^3.0.0"

"@polymer/iron-meta@^3.0.0-pre.21":
  version "3.0.0-pre.21"
  resolved "https://registry.yarnpkg.com/@polymer/iron-meta/-/iron-meta-3.0.0-pre.21.tgz#e74ab386a1b490031e329f7ec032316bec24fa2a"
  dependencies:
    "@polymer/polymer" "^3.0.0"

"@polymer/iron-pages@^3.0.0-pre.21":
  version "3.0.0-pre.21"
  resolved "https://registry.yarnpkg.com/@polymer/iron-pages/-/iron-pages-3.0.0-pre.21.tgz#976c5d16542c80c8bedf948b0485423ccfa5d543"
  dependencies:
    "@polymer/iron-resizable-behavior" "^3.0.0-pre.21"
    "@polymer/iron-selector" "^3.0.0-pre.21"
    "@polymer/polymer" "^3.0.0"

"@polymer/iron-resizable-behavior@^3.0.0-pre.21":
  version "3.0.0-pre.21"
  resolved "https://registry.yarnpkg.com/@polymer/iron-resizable-behavior/-/iron-resizable-behavior-3.0.0-pre.21.tgz#839ab0f194fd85921146d80970afe29ba835b7d7"
  dependencies:
    "@polymer/polymer" "^3.0.0"

"@polymer/iron-selector@^3.0.0-pre.21":
  version "3.0.0-pre.21"
  resolved "https://registry.yarnpkg.com/@polymer/iron-selector/-/iron-selector-3.0.0-pre.21.tgz#02532f772f5811a72bf3cb38776e3cc319288990"
  dependencies:
    "@polymer/polymer" "^3.0.0"

"@polymer/iron-validatable-behavior@^3.0.0-pre.21":
  version "3.0.0-pre.21"
  resolved "https://registry.yarnpkg.com/@polymer/iron-validatable-behavior/-/iron-validatable-behavior-3.0.0-pre.21.tgz#3c26ed42c0221a1b34d3cfb39c4d1a3b68d67ffe"
  dependencies:
    "@polymer/iron-meta" "^3.0.0-pre.21"
    "@polymer/polymer" "^3.0.0"

"@polymer/paper-behaviors@^3.0.0-pre.21":
  version "3.0.0-pre.21"
  resolved "https://registry.yarnpkg.com/@polymer/paper-behaviors/-/paper-behaviors-3.0.0-pre.21.tgz#be01b8a101c221fc3a100350028cc55107b5db14"
  dependencies:
    "@polymer/iron-behaviors" "^3.0.0-pre.21"
    "@polymer/iron-checked-element-behavior" "^3.0.0-pre.21"
    "@polymer/paper-ripple" "^3.0.0-pre.21"
    "@polymer/polymer" "^3.0.0"

"@polymer/paper-icon-button@^3.0.0-pre.21":
  version "3.0.0-pre.21"
  resolved "https://registry.yarnpkg.com/@polymer/paper-icon-button/-/paper-icon-button-3.0.0-pre.21.tgz#09e0e3c00a1a32f0a735e5c5367ba502d639ee28"
  dependencies:
    "@polymer/iron-icon" "^3.0.0-pre.21"
    "@polymer/paper-behaviors" "^3.0.0-pre.21"
    "@polymer/paper-styles" "^3.0.0-pre.21"
    "@polymer/polymer" "^3.0.0"

"@polymer/paper-ripple@^3.0.0-pre.21":
  version "3.0.0-pre.21"
  resolved "https://registry.yarnpkg.com/@polymer/paper-ripple/-/paper-ripple-3.0.0-pre.21.tgz#9375760af161c142591b3a0a1d4db299fb174067"
  dependencies:
    "@polymer/iron-a11y-keys-behavior" "^3.0.0-pre.21"
    "@polymer/polymer" "^3.0.0"

"@polymer/paper-styles@^3.0.0-pre.21":
  version "3.0.0-pre.21"
  resolved "https://registry.yarnpkg.com/@polymer/paper-styles/-/paper-styles-3.0.0-pre.21.tgz#9406bdb3c22c3d132086fae50079d0b5bf5c0541"
  dependencies:
    "@polymer/font-roboto" "^3.0.0-pre.21"
    "@polymer/iron-flex-layout" "^3.0.0-pre.21"
    "@polymer/polymer" "^3.0.0"

"@polymer/polymer@^3.0.0", "@polymer/polymer@^3.0.0-pre.1", "@polymer/polymer@^3.0.5":
  version "3.0.5"
  resolved "https://registry.yarnpkg.com/@polymer/polymer/-/polymer-3.0.5.tgz#eaa42e70df7de818b5e1839452c82a5f83e39929"
  dependencies:
    "@webcomponents/shadycss" "^1.2.0"

"@ucd-lib/cork-app-load@^0.0.4":
  version "0.0.4"
  resolved "https://registry.yarnpkg.com/@ucd-lib/cork-app-load/-/cork-app-load-0.0.4.tgz#30f410eb31ad96ac19e110be4e46fa7d8708b1c6"
  dependencies:
    "@babel/polyfill" "^7.0.0-beta.46"
    "@webcomponents/webcomponentsjs" "^2.0.0"

"@ucd-lib/cork-app-state@^0.1.1":
  version "0.1.1"
  resolved "https://registry.yarnpkg.com/@ucd-lib/cork-app-state/-/cork-app-state-0.1.1.tgz#106ed1978a5c8e579c8ab8f806ff8bfa83b8aaae"
  dependencies:
    "@polymer/app-route" "^3.0.0-pre.1"
    "@polymer/polymer" "^3.0.0-pre.1"
    "@ucd-lib/cork-app-utils" "^2.0.3"
    query-string "^5.0.1"

"@ucd-lib/cork-app-utils@4.0.0", "@ucd-lib/cork-app-utils@^2.0.3", "@ucd-lib/cork-app-utils@^4.0.0":
  version "4.0.0"
  resolved "https://registry.yarnpkg.com/@ucd-lib/cork-app-utils/-/cork-app-utils-4.0.0.tgz#8715df3f422249550ff8dc61221ca9c3b4d45894"
  dependencies:
    fast-deep-equal "^1.1.0"
    fs-extra "^4.0.2"
    isomorphic-fetch "^2.2.1"

"@webcomponents/shadycss@^1.2.0":
  version "1.4.0"
  resolved "https://registry.yarnpkg.com/@webcomponents/shadycss/-/shadycss-1.4.0.tgz#2b2b66443252f81d02ebb2dd139e4a717655bfa9"

"@webcomponents/webcomponentsjs@^2.0.0", "@webcomponents/webcomponentsjs@^2.0.3":
  version "2.0.4"
  resolved "https://registry.yarnpkg.com/@webcomponents/webcomponentsjs/-/webcomponentsjs-2.0.4.tgz#fe18c288f99b7103e9ae7a766020f9702cedcc08"

clone@^2.1.2:
  version "2.1.2"
  resolved "https://registry.yarnpkg.com/clone/-/clone-2.1.2.tgz#1b7f4b9f591f1e8f83670401600345a02887435f"

core-js@^2.5.7:
  version "2.5.7"
  resolved "https://registry.yarnpkg.com/core-js/-/core-js-2.5.7.tgz#f972608ff0cead68b841a16a932d0b183791814e"

decode-uri-component@^0.2.0:
  version "0.2.0"
  resolved "https://registry.yarnpkg.com/decode-uri-component/-/decode-uri-component-0.2.0.tgz#eb3913333458775cb84cd1a1fae062106bb87545"

encoding@^0.1.11:
  version "0.1.12"
  resolved "https://registry.yarnpkg.com/encoding/-/encoding-0.1.12.tgz#538b66f3ee62cd1ab51ec323829d1f9480c74beb"
  dependencies:
    iconv-lite "~0.4.13"

fast-deep-equal@^1.1.0:
  version "1.1.0"
  resolved "https://registry.yarnpkg.com/fast-deep-equal/-/fast-deep-equal-1.1.0.tgz#c053477817c86b51daa853c81e059b733d023614"

fs-extra@^4.0.2:
  version "4.0.3"
  resolved "https://registry.yarnpkg.com/fs-extra/-/fs-extra-4.0.3.tgz#0d852122e5bc5beb453fb028e9c0c9bf36340c94"
  dependencies:
    graceful-fs "^4.1.2"
    jsonfile "^4.0.0"
    universalify "^0.1.0"

graceful-fs@^4.1.2, graceful-fs@^4.1.6:
  version "4.1.11"
  resolved "https://registry.yarnpkg.com/graceful-fs/-/graceful-fs-4.1.11.tgz#0e8bdfe4d1ddb8854d64e04ea7c00e2a026e5658"

iconv-lite@~0.4.13:
  version "0.4.23"
  resolved "https://registry.yarnpkg.com/iconv-lite/-/iconv-lite-0.4.23.tgz#297871f63be507adcfbfca715d0cd0eed84e9a63"
  dependencies:
    safer-buffer ">= 2.1.2 < 3"

is-stream@^1.0.1:
  version "1.1.0"
  resolved "https://registry.yarnpkg.com/is-stream/-/is-stream-1.1.0.tgz#12d4a3dd4e68e0b79ceb8dbc84173ae80d91ca44"

isomorphic-fetch@^2.2.1:
  version "2.2.1"
  resolved "https://registry.yarnpkg.com/isomorphic-fetch/-/isomorphic-fetch-2.2.1.tgz#611ae1acf14f5e81f729507472819fe9733558a9"
  dependencies:
    node-fetch "^1.0.1"
    whatwg-fetch ">=0.10.0"

jsonfile@^4.0.0:
  version "4.0.0"
  resolved "https://registry.yarnpkg.com/jsonfile/-/jsonfile-4.0.0.tgz#8771aae0799b64076b76640fca058f9c10e33ecb"
  optionalDependencies:
    graceful-fs "^4.1.6"

node-fetch@^1.0.1:
  version "1.7.3"
  resolved "https://registry.yarnpkg.com/node-fetch/-/node-fetch-1.7.3.tgz#980f6f72d85211a5347c6b2bc18c5b84c3eb47ef"
  dependencies:
    encoding "^0.1.11"
    is-stream "^1.0.1"

object-assign@^4.1.0:
  version "4.1.1"
  resolved "https://registry.yarnpkg.com/object-assign/-/object-assign-4.1.1.tgz#2109adc7965887cfc05cbbd442cac8bfbb360863"

query-string@^5.0.1:
  version "5.1.1"
  resolved "https://registry.yarnpkg.com/query-string/-/query-string-5.1.1.tgz#a78c012b71c17e05f2e3fa2319dd330682efb3cb"
  dependencies:
    decode-uri-component "^0.2.0"
    object-assign "^4.1.0"
    strict-uri-encode "^1.0.0"

regenerator-runtime@^0.11.1:
  version "0.11.1"
  resolved "https://registry.yarnpkg.com/regenerator-runtime/-/regenerator-runtime-0.11.1.tgz#be05ad7f9bf7d22e056f9726cee5017fbf19e2e9"

"safer-buffer@>= 2.1.2 < 3":
  version "2.1.2"
  resolved "https://registry.yarnpkg.com/safer-buffer/-/safer-buffer-2.1.2.tgz#44fa161b0187b9549dd84bb91802f9bd8385cd6a"

strict-uri-encode@^1.0.0:
  version "1.1.0"
  resolved "https://registry.yarnpkg.com/strict-uri-encode/-/strict-uri-encode-1.1.0.tgz#279b225df1d582b1f54e65addd4352e18faa0713"

universalify@^0.1.0:
  version "0.1.2"
  resolved "https://registry.yarnpkg.com/universalify/-/universalify-0.1.2.tgz#b646f69be3942dabcecc9d6639c80dc105efaa66"

whatwg-fetch@>=0.10.0:
  version "2.0.4"
  resolved "https://registry.yarnpkg.com/whatwg-fetch/-/whatwg-fetch-2.0.4.tgz#dde6a5df315f9d39991aa17621853d720b85566f"
